
Microsoft Visual Studio Solution File, Format Version 12.00
# Visual Studio 15
VisualStudioVersion = 15.0.28307.438
MinimumVisualStudioVersion = 10.0.40219.1
Project("{FAE04EC0-301F-11D3-BF4B-00C04F79EFBC}") = "FavoriteToppings", "FavoriteToppings\FavoriteToppings.csproj", "{D332165C-FC2C-4A92-8906-4B429A8E380B}"
EndProject
Global
	GlobalSection(SolutionConfigurationPlatforms) = preSolution
		Debug|Any CPU = Debug|Any CPU
		Release|Any CPU = Release|Any CPU
	EndGlobalSection
	GlobalSection(ProjectConfigurationPlatforms) = postSolution
		{D332165C-FC2C-4A92-8906-4B429A8E380B}.Debug|Any CPU.ActiveCfg = Debug|Any CPU
		{D332165C-FC2C-4A92-8906-4B429A8E380B}.Debug|Any CPU.Build.0 = Debug|Any CPU
		{D332165C-FC2C-4A92-8906-4B429A8E380B}.Release|Any CPU.ActiveCfg = Release|Any CPU
		{D332165C-FC2C-4A92-8906-4B429A8E380B}.Release|Any CPU.Build.0 = Release|Any CPU
	EndGlobalSection
	GlobalSection(SolutionProperties) = preSolution
		HideSolutionNode = FALSE
	EndGlobalSection
	GlobalSection(ExtensibilityGlobals) = postSolution
		SolutionGuid = {1CF0B7A7-F1DF-40BA-844B-529E31D6C20D}
	EndGlobalSection
EndGlobal
